{
  "version": 4,
  "terraform_version": "1.3.8",
  "serial": 141,
  "lineage": "9d2592ca-5aaf-099e-1ec4-54385ea36c81",
  "outputs": {},
  "resources": [
    {
      "mode": "managed",
      "type": "google_compute_forwarding_rule",
      "name": "forwarding_rule_java_hello",
      "provider": "provider[\"registry.terraform.io/hashicorp/google\"]",
      "instances": []
    },
    {
      "mode": "managed",
      "type": "google_compute_http_health_check",
      "name": "health_check",
      "provider": "provider[\"registry.terraform.io/hashicorp/google\"]",
      "instances": [
        {
          "schema_version": 0,
          "attributes": {
            "check_interval_sec": 10,
            "creation_timestamp": "2023-09-08T07:11:44.746-07:00",
            "description": "",
            "healthy_threshold": 2,
            "host": "",
            "id": "projects/banktestproject-398221/global/httpHealthChecks/my-http-health-check",
            "name": "my-http-health-check",
            "port": 80,
            "project": "banktestproject-398221",
            "request_path": "/",
            "self_link": "https://www.googleapis.com/compute/v1/projects/banktestproject-398221/global/httpHealthChecks/my-http-health-check",
            "timeout_sec": 5,
            "timeouts": null,
            "unhealthy_threshold": 2
          },
          "sensitive_attributes": [],
          "private": "eyJlMmJmYjczMC1lY2FhLTExZTYtOGY4OC0zNDM2M2JjN2M0YzAiOnsiY3JlYXRlIjoxMjAwMDAwMDAwMDAwLCJkZWxldGUiOjEyMDAwMDAwMDAwMDAsInVwZGF0ZSI6MTIwMDAwMDAwMDAwMH19"
        }
      ]
    },
    {
      "mode": "managed",
      "type": "google_compute_region_backend_service",
      "name": "backend_java_hello",
      "provider": "provider[\"registry.terraform.io/hashicorp/google\"]",
      "instances": [
        {
          "schema_version": 1,
          "attributes": {
            "affinity_cookie_ttl_sec": 0,
            "backend": [
              {
                "balancing_mode": "UTILIZATION",
                "capacity_scaler": 0,
                "description": "",
                "failover": false,
                "group": "https://www.googleapis.com/compute/v1/projects/banktestproject-398221/regions/europe-west3/networkEndpointGroups/cloudrun-neg",
                "max_connections": 0,
                "max_connections_per_endpoint": 0,
                "max_connections_per_instance": 0,
                "max_rate": 0,
                "max_rate_per_endpoint": 0,
                "max_rate_per_instance": 0,
                "max_utilization": 0
              }
            ],
            "cdn_policy": [],
            "circuit_breakers": [],
            "connection_draining_timeout_sec": 0,
            "consistent_hash": [],
            "creation_timestamp": "2023-09-08T07:11:55.880-07:00",
            "description": "",
            "enable_cdn": false,
            "failover_policy": [],
            "fingerprint": "9YryOYyc1Cw=",
            "health_checks": null,
            "iap": [],
            "id": "projects/banktestproject-398221/regions/europe-west3/backendServices/backend-java-hello-service",
            "load_balancing_scheme": "INTERNAL_MANAGED",
            "locality_lb_policy": "",
            "log_config": [],
            "name": "backend-java-hello-service",
            "network": "",
            "outlier_detection": [],
            "port_name": "http",
            "project": "banktestproject-398221",
            "protocol": "HTTPS",
            "region": "europe-west3",
            "self_link": "https://www.googleapis.com/compute/v1/projects/banktestproject-398221/regions/europe-west3/backendServices/backend-java-hello-service",
            "session_affinity": "NONE",
            "timeout_sec": 30,
            "timeouts": null
          },
          "sensitive_attributes": [],
          "private": "eyJlMmJmYjczMC1lY2FhLTExZTYtOGY4OC0zNDM2M2JjN2M0YzAiOnsiY3JlYXRlIjoxMjAwMDAwMDAwMDAwLCJkZWxldGUiOjEyMDAwMDAwMDAwMDAsInVwZGF0ZSI6MTIwMDAwMDAwMDAwMH0sInNjaGVtYV92ZXJzaW9uIjoiMSJ9",
          "dependencies": [
            "google_compute_region_network_endpoint_group.cloudrun_neg"
          ]
        }
      ]
    },
    {
      "mode": "managed",
      "type": "google_compute_region_network_endpoint_group",
      "name": "cloudrun_neg",
      "provider": "provider[\"registry.terraform.io/hashicorp/google\"]",
      "instances": [
        {
          "schema_version": 0,
          "attributes": {
            "app_engine": [],
            "cloud_function": [],
            "cloud_run": [
              {
                "service": "java-helloworld",
                "tag": "",
                "url_mask": ""
              }
            ],
            "description": "",
            "id": "projects/banktestproject-398221/regions/europe-west3/networkEndpointGroups/cloudrun-neg",
            "name": "cloudrun-neg",
            "network": "",
            "network_endpoint_type": "SERVERLESS",
            "project": "banktestproject-398221",
            "psc_target_service": "",
            "region": "https://www.googleapis.com/compute/v1/projects/banktestproject-398221/regions/europe-west3",
            "self_link": "https://www.googleapis.com/compute/v1/projects/banktestproject-398221/regions/europe-west3/networkEndpointGroups/cloudrun-neg",
            "subnetwork": "",
            "timeouts": null
          },
          "sensitive_attributes": [],
          "private": "eyJlMmJmYjczMC1lY2FhLTExZTYtOGY4OC0zNDM2M2JjN2M0YzAiOnsiY3JlYXRlIjoxMjAwMDAwMDAwMDAwLCJkZWxldGUiOjEyMDAwMDAwMDAwMDB9fQ=="
        }
      ]
    },
    {
      "mode": "managed",
      "type": "google_compute_region_url_map",
      "name": "url_map_java_hello",
      "provider": "provider[\"registry.terraform.io/hashicorp/google\"]",
      "instances": [
        {
          "schema_version": 0,
          "attributes": {
            "creation_timestamp": "2023-09-08T07:12:17.523-07:00",
            "default_route_action": [],
            "default_service": "https://www.googleapis.com/compute/v1/projects/banktestproject-398221/regions/europe-west3/backendServices/backend-java-hello-service",
            "default_url_redirect": [],
            "description": "",
            "fingerprint": "exCEQQGCKuo=",
            "host_rule": [
              {
                "description": "",
                "hosts": [
                  "*"
                ],
                "path_matcher": "path-matcher"
              }
            ],
            "id": "projects/banktestproject-398221/regions/europe-west3/urlMaps/java-helloworld-regional-url-map",
            "map_id": 1688315139961820462,
            "name": "java-helloworld-regional-url-map",
            "path_matcher": [
              {
                "default_service": "https://www.googleapis.com/compute/v1/projects/banktestproject-398221/regions/europe-west3/backendServices/backend-java-hello-service",
                "default_url_redirect": [],
                "description": "",
                "name": "path-matcher",
                "path_rule": [],
                "route_rules": []
              }
            ],
            "project": "banktestproject-398221",
            "region": "europe-west3",
            "self_link": "https://www.googleapis.com/compute/v1/projects/banktestproject-398221/regions/europe-west3/urlMaps/java-helloworld-regional-url-map",
            "test": [],
            "timeouts": null
          },
          "sensitive_attributes": [],
          "private": "eyJlMmJmYjczMC1lY2FhLTExZTYtOGY4OC0zNDM2M2JjN2M0YzAiOnsiY3JlYXRlIjoxMjAwMDAwMDAwMDAwLCJkZWxldGUiOjEyMDAwMDAwMDAwMDAsInVwZGF0ZSI6MTIwMDAwMDAwMDAwMH19",
          "dependencies": [
            "google_compute_region_backend_service.backend_java_hello",
            "google_compute_region_network_endpoint_group.cloudrun_neg"
          ]
        }
      ]
    },
    {
      "mode": "managed",
      "type": "google_compute_ssl_certificate",
      "name": "ssl_certificate_java_hello",
      "provider": "provider[\"registry.terraform.io/hashicorp/google\"]",
      "instances": [
        {
          "schema_version": 0,
          "attributes": {
            "certificate": "-----BEGIN CERTIFICATE-----\nMIIDTDCCAjQCCQC2Ad7Pvwc9qzANBgkqhkiG9w0BAQsFADBoMQswCQYDVQQGEwJE\nRTEPMA0GA1UECAwGQmF5ZXJuMRIwEAYDVQQHDAlOdXJlbWJlcmcxDzANBgNVBAoM\nBkV2aWRlbjEOMAwGA1UECwwFQ2xvdWQxEzARBgNVBAMMCkV2aWRlbi5jb20wHhcN\nMjMwODIyMjAyMDQ1WhcNMzMwODE5MjAyMDQ1WjBoMQswCQYDVQQGEwJERTEPMA0G\nA1UECAwGQmF5ZXJuMRIwEAYDVQQHDAlOdXJlbWJlcmcxDzANBgNVBAoMBkV2aWRl\nbjEOMAwGA1UECwwFQ2xvdWQxEzARBgNVBAMMCkV2aWRlbi5jb20wggEiMA0GCSqG\nSIb3DQEBAQUAA4IBDwAwggEKAoIBAQDbNLjusCbsMzEQO7HHdF4zUNZe3xnk2zrG\nUfT2vr7sU9aAHVvv3jS92OVEsiqmmHbWEb0sGdl+DuVwqjeBI3DSYfp/jqKtJQoQ\nS0dd7LPPEDKD+NrQTxdeUfeIzICJRZoBBUCgfSjCHIYHQpwl1Nm5SjiPz8JBz3Nh\ndZ3NDPAgD/oXNGY0VxWSAnLyCmQrF1hO8itYJTx15o4NVHxLHi4T0z6p0wdmOcsQ\n3c9cVdYKYUBgn//jmQIpUIFPeRCy1hh4p9Qf3Wt23JNGRvQHfzXD5Rrfdyb6h2tr\nmuNcRsjLrrwgtvvyFi4fzo4AMHhcUp9jZslPkg3XnSeA1RCG6TM5AgMBAAEwDQYJ\nKoZIhvcNAQELBQADggEBAM0kqtAXXOJsno52QynLEMZsnKyDPBxuRBssMjclD36a\neVgZJ7o9K7Jp+ncjfR35Oig+zYHiWv0EmeqIhlWxggJq+oNxM3iyixFisLRnugua\n9IdMp1GOf28GRB4xSbdOV0/5IB5z7BkgZaniWQA+TwpRnjM2fqZzshvm1F891c6I\n1wtUusWcro3FsSOxm31z3VLUikQg9NBNCMfdXxEdIAbqGXBKsX9ellqqImumCvl8\nSRz3Qh7/DSWDTjqiId24flZLtYHy9fpd9OICjVwx8hHEQVnlsT6tYKhP8X7AY4pZ\naIhhA7DkdFMcyG7cM4+Nk1MIK5PdY3jf4xZEUTvl1k8=\n-----END CERTIFICATE-----\n",
            "certificate_id": 7315086626912638287,
            "creation_timestamp": "2023-09-08T07:11:44.628-07:00",
            "description": "",
            "expire_time": "2033-08-19T13:20:45.000-07:00",
            "id": "projects/banktestproject-398221/global/sslCertificates/ssl-certificate-java-hello",
            "name": "ssl-certificate-java-hello",
            "name_prefix": null,
            "private_key": "-----BEGIN RSA PRIVATE KEY-----\nMIIEowIBAAKCAQEA2zS47rAm7DMxEDuxx3ReM1DWXt8Z5Ns6xlH09r6+7FPWgB1b\n7940vdjlRLIqpph21hG9LBnZfg7lcKo3gSNw0mH6f46irSUKEEtHXeyzzxAyg/ja\n0E8XXlH3iMyAiUWaAQVAoH0owhyGB0KcJdTZuUo4j8/CQc9zYXWdzQzwIA/6FzRm\nNFcVkgJy8gpkKxdYTvIrWCU8deaODVR8Sx4uE9M+qdMHZjnLEN3PXFXWCmFAYJ//\n45kCKVCBT3kQstYYeKfUH91rdtyTRkb0B381w+Ua33cm+odra5rjXEbIy668ILb7\n8hYuH86OADB4XFKfY2bJT5IN150ngNUQhukzOQIDAQABAoIBADV54zO3nYc55dpD\n9dbmuKRkMCfs3XBLW0dObyhS2FjnCwkuIGOgHdXCuAvOO0FxKGyI31GG7Nwn3ili\nHTBP6RIp/OZpcZ4zzwSymLJ9MFBvbyNq7larNNQ5wt2IpkLWy/87vMxqPCs+siPL\nSDSifIsLZEkRMh7D8S3xd5GyelIXn+lMYdVJiRXItMvFkCbqG5CEbF1cqv6FqkGJ\nQw70SM9TX4dCnpkYiyEeaCrOuWiSEI8HAPTPqe1NWJk4t/Y9c8z5xoQHTunkD4Rj\n8tJYXvyX46/sgZNCMIRY4ie67DYeXKbm2fzWU6Q/vaziVE3bw2x6waQjwgL90O4/\n6altSUECgYEA/A8zhq+ZIvP+aqVsgYcohJj+elH+yfFOeED5AXZoa5FREK4FZdWC\noVAbXutkfaITYd4QF493cKRzwp8W3HK/5wrVYONKYYz/c+LHCs8AJWdl4M6grYKe\nqfexFTxNUD+HybHpCLzcFT3cBO9dAPPkHNWalPb0yIM/bJdBgN9YQoUCgYEA3qII\nw9Ky1FVbSeB3Q/xY2dE8kGUd7Fmr3RCDHbObkWQllaKdLljxgdtANX9fDmETP0Tk\nESFUw1U44St2fQaMhWvPtEfRT3NTx/S0gc94chVLJrnr6BVHbBmlrpp7K0nzBhNJ\nrTVZmeXtow8pJMhwSGT205ZVkQ3qgkr63z6sHiUCgYEAkwIOrDwYFYG23d5TVYxN\nvmA484CFGKSrfolucULtDee4HwFP1p/bS1gcTpT9jCSOJ2NLgWJEaCcR+O2ueK5Y\nbFkuMA8AX7rLdnxKWGx4ilgu3BnHLsti3IDBAECmWupiuOkRn+3+ckkc3Kf6V0bn\nwUV3nfAWvieGQ0BIjPA2Wr0CgYBjDShlJ4sU2V0iQ1IM12sYjfUqMTLdAxBp7HzJ\nbC2cxDfMmWrhQgVBRzEMHD1IgnwzvAzUakXyGiqSU+oFujIu8kaY6RMBDEiMQB1H\nW+00pLCo7DM/MKh0Ofzy8Bw4qFANtesjuwbAaAIQeCBQEzWRoAoJHWu4e76IdZ+k\nT5f4WQKBgG2qlKG1uE9Ur2z3A7cwfW/DOKsKvILu3HD4Z/hc/xZhKhHaxaNpW0tt\n1++YKX0/DCWhNHK62K5VI1YoNpcTh2LGXT44GtvgedmwU2TEvS6hPn8d8uie+jVV\nHfJyx2+ly1lX605t+63HjO4pAjpWpzi2syRyVsKVRppJH5C4gW8N\n-----END RSA PRIVATE KEY-----\n",
            "project": "banktestproject-398221",
            "self_link": "https://www.googleapis.com/compute/v1/projects/banktestproject-398221/global/sslCertificates/ssl-certificate-java-hello",
            "timeouts": null
          },
          "sensitive_attributes": [],
          "private": "eyJlMmJmYjczMC1lY2FhLTExZTYtOGY4OC0zNDM2M2JjN2M0YzAiOnsiY3JlYXRlIjoxMjAwMDAwMDAwMDAwLCJkZWxldGUiOjEyMDAwMDAwMDAwMDB9fQ=="
        }
      ]
    }
  ],
  "check_results": null
}
